
Microsoft Visual Studio Solution File, Format Version 12.00
# Visual Studio Version 17
VisualStudioVersion = 17.8.34330.188
MinimumVisualStudioVersion = 10.0.40219.1
Project("{9A19103F-16F7-4668-BE54-9A1E7A4F7556}") = "Processor", "src\Processor\Processor.csproj", "{31DB3AB6-EE9F-4054-B5BF-5B2612EFAB90}"
EndProject
Project("{FAE04EC0-301F-11D3-BF4B-00C04F79EFBC}") = "Tests", "tests\Tests\Tests.csproj", "{5AF4E2A2-AB0C-4BDC-9130-F5D0468AEF1A}"
EndProject
Global
	GlobalSection(SolutionConfigurationPlatforms) = preSolution
		Debug|Any CPU = Debug|Any CPU
		Release|Any CPU = Release|Any CPU
	EndGlobalSection
	GlobalSection(ProjectConfigurationPlatforms) = postSolution
		{31DB3AB6-EE9F-4054-B5BF-5B2612EFAB90}.Debug|Any CPU.ActiveCfg = Debug|Any CPU
		{31DB3AB6-EE9F-4054-B5BF-5B2612EFAB90}.Debug|Any CPU.Build.0 = Debug|Any CPU
		{31DB3AB6-EE9F-4054-B5BF-5B2612EFAB90}.Release|Any CPU.ActiveCfg = Release|Any CPU
		{31DB3AB6-EE9F-4054-B5BF-5B2612EFAB90}.Release|Any CPU.Build.0 = Release|Any CPU
		{5AF4E2A2-AB0C-4BDC-9130-F5D0468AEF1A}.Debug|Any CPU.ActiveCfg = Debug|Any CPU
		{5AF4E2A2-AB0C-4BDC-9130-F5D0468AEF1A}.Debug|Any CPU.Build.0 = Debug|Any CPU
		{5AF4E2A2-AB0C-4BDC-9130-F5D0468AEF1A}.Release|Any CPU.ActiveCfg = Release|Any CPU
		{5AF4E2A2-AB0C-4BDC-9130-F5D0468AEF1A}.Release|Any CPU.Build.0 = Release|Any CPU
	EndGlobalSection
	GlobalSection(SolutionProperties) = preSolution
		HideSolutionNode = FALSE
	EndGlobalSection
	GlobalSection(ExtensibilityGlobals) = postSolution
		SolutionGuid = {002A0C6B-C96E-4B55-A1B7-BA969C997303}
	EndGlobalSection
EndGlobal
